
Microsoft Visual Studio Solution File, Format Version 12.00
# Visual Studio Version 16
VisualStudioVersion = 16.0.31005.135
MinimumVisualStudioVersion = 10.0.40219.1
Project("{FAE04EC0-301F-11D3-BF4B-00C04F79EFBC}") = "TipCalculator", "TipCalculator\TipCalculator.csproj", "{7E0A022E-9C46-4091-9E07-8976D4E4434A}"
EndProject
Project("{FAE04EC0-301F-11D3-BF4B-00C04F79EFBC}") = "Calculator Tester", "Calculator Tester\Calculator Tester.csproj", "{C8BC817E-855E-4C2F-9E14-AD13C768A92C}"
EndProject
Global
	GlobalSection(SolutionConfigurationPlatforms) = preSolution
		Debug|Any CPU = Debug|Any CPU
		Release|Any CPU = Release|Any CPU
	EndGlobalSection
	GlobalSection(ProjectConfigurationPlatforms) = postSolution
		{7E0A022E-9C46-4091-9E07-8976D4E4434A}.Debug|Any CPU.ActiveCfg = Debug|Any CPU
		{7E0A022E-9C46-4091-9E07-8976D4E4434A}.Debug|Any CPU.Build.0 = Debug|Any CPU
		{7E0A022E-9C46-4091-9E07-8976D4E4434A}.Release|Any CPU.ActiveCfg = Release|Any CPU
		{7E0A022E-9C46-4091-9E07-8976D4E4434A}.Release|Any CPU.Build.0 = Release|Any CPU
		{C8BC817E-855E-4C2F-9E14-AD13C768A92C}.Debug|Any CPU.ActiveCfg = Debug|Any CPU
		{C8BC817E-855E-4C2F-9E14-AD13C768A92C}.Debug|Any CPU.Build.0 = Debug|Any CPU
		{C8BC817E-855E-4C2F-9E14-AD13C768A92C}.Release|Any CPU.ActiveCfg = Release|Any CPU
		{C8BC817E-855E-4C2F-9E14-AD13C768A92C}.Release|Any CPU.Build.0 = Release|Any CPU
	EndGlobalSection
	GlobalSection(SolutionProperties) = preSolution
		HideSolutionNode = FALSE
	EndGlobalSection
	GlobalSection(ExtensibilityGlobals) = postSolution
		SolutionGuid = {5E07437A-0D3F-46C0-B78B-C53BA3C9558C}
	EndGlobalSection
EndGlobal
